
Microsoft Visual Studio Solution File, Format Version 12.00
# Visual Studio Version 16
VisualStudioVersion = 16.0.30225.117
MinimumVisualStudioVersion = 10.0.40219.1
Project("{FAE04EC0-301F-11D3-BF4B-00C04F79EFBC}") = "demo", "demo.csproj", "{B719B3D7-7607-4079-9C37-B853856249BC}"
EndProject
Global
	GlobalSection(SolutionConfigurationPlatforms) = preSolution
		Debug|Any CPU = Debug|Any CPU
		Release|Any CPU = Release|Any CPU
	EndGlobalSection
	GlobalSection(ProjectConfigurationPlatforms) = postSolution
		{B719B3D7-7607-4079-9C37-B853856249BC}.Debug|Any CPU.ActiveCfg = Debug|Any CPU
		{B719B3D7-7607-4079-9C37-B853856249BC}.Debug|Any CPU.Build.0 = Debug|Any CPU
		{B719B3D7-7607-4079-9C37-B853856249BC}.Release|Any CPU.ActiveCfg = Release|Any CPU
		{B719B3D7-7607-4079-9C37-B853856249BC}.Release|Any CPU.Build.0 = Release|Any CPU
	EndGlobalSection
	GlobalSection(SolutionProperties) = preSolution
		HideSolutionNode = FALSE
	EndGlobalSection
	GlobalSection(ExtensibilityGlobals) = postSolution
		SolutionGuid = {44CE8906-EA89-4180-950E-65BD46777FA1}
	EndGlobalSection
EndGlobal
